// !$*UTF8*$!
{
	archiveVersion = 1;
	classes = {
	};
	objectVersion = 56;
	objects = {

/* Begin PBXBuildFile section */
		14D200682A6B76770098F9DF /* AppDelegate.swift in Sources */ = {isa = PBXBuildFile; fileRef = 14D200672A6B76770098F9DF /* AppDelegate.swift */; };
		14D2006A2A6B76770098F9DF /* SceneDelegate.swift in Sources */ = {isa = PBXBuildFile; fileRef = 14D200692A6B76770098F9DF /* SceneDelegate.swift */; };
		14D2006C2A6B76770098F9DF /* ViewController.swift in Sources */ = {isa = PBXBuildFile; fileRef = 14D2006B2A6B76770098F9DF /* ViewController.swift */; };
		14D2006F2A6B76770098F9DF /* Main.storyboard in Resources */ = {isa = PBXBuildFile; fileRef = 14D2006D2A6B76770098F9DF /* Main.storyboard */; };
		14D200712A6B767A0098F9DF /* Assets.xcassets in Resources */ = {isa = PBXBuildFile; fileRef = 14D200702A6B767A0098F9DF /* Assets.xcassets */; };
		14D200742A6B767A0098F9DF /* LaunchScreen.storyboard in Resources */ = {isa = PBXBuildFile; fileRef = 14D200722A6B767A0098F9DF /* LaunchScreen.storyboard */; };
		14D2007F2A6B767A0098F9DF /* Little_Lemon_dinner_menuTests.swift in Sources */ = {isa = PBXBuildFile; fileRef = 14D2007E2A6B767A0098F9DF /* Little_Lemon_dinner_menuTests.swift */; };
		14D200892A6B767A0098F9DF /* Little_Lemon_dinner_menuUITests.swift in Sources */ = {isa = PBXBuildFile; fileRef = 14D200882A6B767A0098F9DF /* Little_Lemon_dinner_menuUITests.swift */; };
		14D2008B2A6B767A0098F9DF /* Little_Lemon_dinner_menuUITestsLaunchTests.swift in Sources */ = {isa = PBXBuildFile; fileRef = 14D2008A2A6B767A0098F9DF /* Little_Lemon_dinner_menuUITestsLaunchTests.swift */; };
/* End PBXBuildFile section */

/* Begin PBXContainerItemProxy section */
		14D2007B2A6B767A0098F9DF /* PBXContainerItemProxy */ = {
			isa = PBXContainerItemProxy;
			containerPortal = 14D2005C2A6B76770098F9DF /* Project object */;
			proxyType = 1;
			remoteGlobalIDString = 14D200632A6B76770098F9DF;
			remoteInfo = "Little Lemon dinner menu";
		};
		14D200852A6B767A0098F9DF /* PBXContainerItemProxy */ = {
			isa = PBXContainerItemProxy;
			containerPortal = 14D2005C2A6B76770098F9DF /* Project object */;
			proxyType = 1;
			remoteGlobalIDString = 14D200632A6B76770098F9DF;
			remoteInfo = "Little Lemon dinner menu";
		};
/* End PBXContainerItemProxy section */

/* Begin PBXFileReference section */
		14D200642A6B76770098F9DF /* Little Lemon dinner menu.app */ = {isa = PBXFileReference; explicitFileType = wrapper.application; includeInIndex = 0; path = "Little Lemon dinner menu.app"; sourceTree = BUILT_PRODUCTS_DIR; };
		14D200672A6B76770098F9DF /* AppDelegate.swift */ = {isa = PBXFileReference; lastKnownFileType = sourcecode.swift; path = AppDelegate.swift; sourceTree = "<group>"; };
		14D200692A6B76770098F9DF /* SceneDelegate.swift */ = {isa = PBXFileReference; lastKnownFileType = sourcecode.swift; path = SceneDelegate.swift; sourceTree = "<group>"; };
		14D2006B2A6B76770098F9DF /* ViewController.swift */ = {isa = PBXFileReference; lastKnownFileType = sourcecode.swift; path = ViewController.swift; sourceTree = "<group>"; };
		14D2006E2A6B76770098F9DF /* Base */ = {isa = PBXFileReference; lastKnownFileType = file.storyboard; name = Base; path = Base.lproj/Main.storyboard; sourceTree = "<group>"; };
		14D200702A6B767A0098F9DF /* Assets.xcassets */ = {isa = PBXFileReference; lastKnownFileType = folder.assetcatalog; path = Assets.xcassets; sourceTree = "<group>"; };
		14D200732A6B767A0098F9DF /* Base */ = {isa = PBXFileReference; lastKnownFileType = file.storyboard; name = Base; path = Base.lproj/LaunchScreen.storyboard; sourceTree = "<group>"; };
		14D200752A6B767A0098F9DF /* Info.plist */ = {isa = PBXFileReference; lastKnownFileType = text.plist.xml; path = Info.plist; sourceTree = "<group>"; };
		14D2007A2A6B767A0098F9DF /* Little Lemon dinner menuTests.xctest */ = {isa = PBXFileReference; explicitFileType = wrapper.cfbundle; includeInIndex = 0; path = "Little Lemon dinner menuTests.xctest"; sourceTree = BUILT_PRODUCTS_DIR; };
		14D2007E2A6B767A0098F9DF /* Little_Lemon_dinner_menuTests.swift */ = {isa = PBXFileReference; lastKnownFileType = sourcecode.swift; path = Little_Lemon_dinner_menuTests.swift; sourceTree = "<group>"; };
		14D200842A6B767A0098F9DF /* Little Lemon dinner menuUITests.xctest */ = {isa = PBXFileReference; explicitFileType = wrapper.cfbundle; includeInIndex = 0; path = "Little Lemon dinner menuUITests.xctest"; sourceTree = BUILT_PRODUCTS_DIR; };
		14D200882A6B767A0098F9DF /* Little_Lemon_dinner_menuUITests.swift */ = {isa = PBXFileReference; lastKnownFileType = sourcecode.swift; path = Little_Lemon_dinner_menuUITests.swift; sourceTree = "<group>"; };
		14D2008A2A6B767A0098F9DF /* Little_Lemon_dinner_menuUITestsLaunchTests.swift */ = {isa = PBXFileReference; lastKnownFileType = sourcecode.swift; path = Little_Lemon_dinner_menuUITestsLaunchTests.swift; sourceTree = "<group>"; };
/* End PBXFileReference section */

/* Begin PBXFrameworksBuildPhase section */
		14D200612A6B76770098F9DF /* Frameworks */ = {
			isa = PBXFrameworksBuildPhase;
			buildActionMask = 2147483647;
			files = (
			);
			runOnlyForDeploymentPostprocessing = 0;
		};
		14D200772A6B767A0098F9DF /* Frameworks */ = {
			isa = PBXFrameworksBuildPhase;
			buildActionMask = 2147483647;
			files = (
			);
			runOnlyForDeploymentPostprocessing = 0;
		};
		14D200812A6B767A0098F9DF /* Frameworks */ = {
			isa = PBXFrameworksBuildPhase;
			buildActionMask = 2147483647;
			files = (
			);
			runOnlyForDeploymentPostprocessing = 0;
		};
/* End PBXFrameworksBuildPhase section */

/* Begin PBXGroup section */
		14D2005B2A6B76770098F9DF = {
			isa = PBXGroup;
			children = (
				14D200662A6B76770098F9DF /* Little Lemon dinner menu */,
				14D2007D2A6B767A0098F9DF /* Little Lemon dinner menuTests */,
				14D200872A6B767A0098F9DF /* Little Lemon dinner menuUITests */,
				14D200652A6B76770098F9DF /* Products */,
			);
			sourceTree = "<group>";
		};
		14D200652A6B76770098F9DF /* Products */ = {
			isa = PBXGroup;
			children = (
				14D200642A6B76770098F9DF /* Little Lemon dinner menu.app */,
				14D2007A2A6B767A0098F9DF /* Little Lemon dinner menuTests.xctest */,
				14D200842A6B767A0098F9DF /* Little Lemon dinner menuUITests.xctest */,
			);
			name = Products;
			sourceTree = "<group>";
		};
		14D200662A6B76770098F9DF /* Little Lemon dinner menu */ = {
			isa = PBXGroup;
			children = (
				14D200672A6B76770098F9DF /* AppDelegate.swift */,
				14D200692A6B76770098F9DF /* SceneDelegate.swift */,
				14D2006B2A6B76770098F9DF /* ViewController.swift */,
				14D2006D2A6B76770098F9DF /* Main.storyboard */,
				14D200702A6B767A0098F9DF /* Assets.xcassets */,
				14D200722A6B767A0098F9DF /* LaunchScreen.storyboard */,
				14D200752A6B767A0098F9DF /* Info.plist */,
			);
			path = "Little Lemon dinner menu";
			sourceTree = "<group>";
		};
		14D2007D2A6B767A0098F9DF /* Little Lemon dinner menuTests */ = {
			isa = PBXGroup;
			children = (
				14D2007E2A6B767A0098F9DF /* Little_Lemon_dinner_menuTests.swift */,
			);
			path = "Little Lemon dinner menuTests";
			sourceTree = "<group>";
		};
		14D200872A6B767A0098F9DF /* Little Lemon dinner menuUITests */ = {
			isa = PBXGroup;
			children = (
				14D200882A6B767A0098F9DF /* Little_Lemon_dinner_menuUITests.swift */,
				14D2008A2A6B767A0098F9DF /* Little_Lemon_dinner_menuUITestsLaunchTests.swift */,
			);
			path = "Little Lemon dinner menuUITests";
			sourceTree = "<group>";
		};
/* End PBXGroup section */

/* Begin PBXNativeTarget section */
		14D200632A6B76770098F9DF /* Little Lemon dinner menu */ = {
			isa = PBXNativeTarget;
			buildConfigurationList = 14D2008E2A6B767A0098F9DF /* Build configuration list for PBXNativeTarget "Little Lemon dinner menu" */;
			buildPhases = (
				14D200602A6B76770098F9DF /* Sources */,
				14D200612A6B76770098F9DF /* Frameworks */,
				14D200622A6B76770098F9DF /* Resources */,
			);
			buildRules = (
			);
			dependencies = (
			);
			name = "Little Lemon dinner menu";
			productName = "Little Lemon dinner menu";
			productReference = 14D200642A6B76770098F9DF /* Little Lemon dinner menu.app */;
			productType = "com.apple.product-type.application";
		};
		14D200792A6B767A0098F9DF /* Little Lemon dinner menuTests */ = {
			isa = PBXNativeTarget;
			buildConfigurationList = 14D200912A6B767A0098F9DF /* Build configuration list for PBXNativeTarget "Little Lemon dinner menuTests" */;
			buildPhases = (
				14D200762A6B767A0098F9DF /* Sources */,
				14D200772A6B767A0098F9DF /* Frameworks */,
				14D200782A6B767A0098F9DF /* Resources */,
			);
			buildRules = (
			);
			dependencies = (
				14D2007C2A6B767A0098F9DF /* PBXTargetDependency */,
			);
			name = "Little Lemon dinner menuTests";
			productName = "Little Lemon dinner menuTests";
			productReference = 14D2007A2A6B767A0098F9DF /* Little Lemon dinner menuTests.xctest */;
			productType = "com.apple.product-type.bundle.unit-test";
		};
		14D200832A6B767A0098F9DF /* Little Lemon dinner menuUITests */ = {
			isa = PBXNativeTarget;
			buildConfigurationList = 14D200942A6B767A0098F9DF /* Build configuration list for PBXNativeTarget "Little Lemon dinner menuUITests" */;
			buildPhases = (
				14D200802A6B767A0098F9DF /* Sources */,
				14D200812A6B767A0098F9DF /* Frameworks */,
				14D200822A6B767A0098F9DF /* Resources */,
			);
			buildRules = (
			);
			dependencies = (
				14D200862A6B767A0098F9DF /* PBXTargetDependency */,
			);
			name = "Little Lemon dinner menuUITests";
			productName = "Little Lemon dinner menuUITests";
			productReference = 14D200842A6B767A0098F9DF /* Little Lemon dinner menuUITests.xctest */;
			productType = "com.apple.product-type.bundle.ui-testing";
		};
/* End PBXNativeTarget section */

/* Begin PBXProject section */
		14D2005C2A6B76770098F9DF /* Project object */ = {
			isa = PBXProject;
			attributes = {
				BuildIndependentTargetsInParallel = 1;
				LastSwiftUpdateCheck = 1430;
				LastUpgradeCheck = 1430;
				TargetAttributes = {
					14D200632A6B76770098F9DF = {
						CreatedOnToolsVersion = 14.3.1;
					};
					14D200792A6B767A0098F9DF = {
						CreatedOnToolsVersion = 14.3.1;
						TestTargetID = 14D200632A6B76770098F9DF;
					};
					14D200832A6B767A0098F9DF = {
						CreatedOnToolsVersion = 14.3.1;
						TestTargetID = 14D200632A6B76770098F9DF;
					};
				};
			};
			buildConfigurationList = 14D2005F2A6B76770098F9DF /* Build configuration list for PBXProject "Little Lemon dinner menu" */;
			compatibilityVersion = "Xcode 14.0";
			developmentRegion = en;
			hasScannedForEncodings = 0;
			knownRegions = (
				en,
				Base,
			);
			mainGroup = 14D2005B2A6B76770098F9DF;
			productRefGroup = 14D200652A6B76770098F9DF /* Products */;
			projectDirPath = "";
			projectRoot = "";
			targets = (
				14D200632A6B76770098F9DF /* Little Lemon dinner menu */,
				14D200792A6B767A0098F9DF /* Little Lemon dinner menuTests */,
				14D200832A6B767A0098F9DF /* Little Lemon dinner menuUITests */,
			);
		};
/* End PBXProject section */

/* Begin PBXResourcesBuildPhase section */
		14D200622A6B76770098F9DF /* Resources */ = {
			isa = PBXResourcesBuildPhase;
			buildActionMask = 2147483647;
			files = (
				14D200742A6B767A0098F9DF /* LaunchScreen.storyboard in Resources */,
				14D200712A6B767A0098F9DF /* Assets.xcassets in Resources */,
				14D2006F2A6B76770098F9DF /* Main.storyboard in Resources */,
			);
			runOnlyForDeploymentPostprocessing = 0;
		};
		14D200782A6B767A0098F9DF /* Resources */ = {
			isa = PBXResourcesBuildPhase;
			buildActionMask = 2147483647;
			files = (
			);
			runOnlyForDeploymentPostprocessing = 0;
		};
		14D200822A6B767A0098F9DF /* Resources */ = {
			isa = PBXResourcesBuildPhase;
			buildActionMask = 2147483647;
			files = (
			);
			runOnlyForDeploymentPostprocessing = 0;
		};
/* End PBXResourcesBuildPhase section */

/* Begin PBXSourcesBuildPhase section */
		14D200602A6B76770098F9DF /* Sources */ = {
			isa = PBXSourcesBuildPhase;
			buildActionMask = 2147483647;
			files = (
				14D2006C2A6B76770098F9DF /* ViewController.swift in Sources */,
				14D200682A6B76770098F9DF /* AppDelegate.swift in Sources */,
				14D2006A2A6B76770098F9DF /* SceneDelegate.swift in Sources */,
			);
			runOnlyForDeploymentPostprocessing = 0;
		};
		14D200762A6B767A0098F9DF /* Sources */ = {
			isa = PBXSourcesBuildPhase;
			buildActionMask = 2147483647;
			files = (
				14D2007F2A6B767A0098F9DF /* Little_Lemon_dinner_menuTests.swift in Sources */,
			);
			runOnlyForDeploymentPostprocessing = 0;
		};
		14D200802A6B767A0098F9DF /* Sources */ = {
			isa = PBXSourcesBuildPhase;
			buildActionMask = 2147483647;
			files = (
				14D200892A6B767A0098F9DF /* Little_Lemon_dinner_menuUITests.swift in Sources */,
				14D2008B2A6B767A0098F9DF /* Little_Lemon_dinner_menuUITestsLaunchTests.swift in Sources */,
			);
			runOnlyForDeploymentPostprocessing = 0;
		};
/* End PBXSourcesBuildPhase section */

/* Begin PBXTargetDependency section */
		14D2007C2A6B767A0098F9DF /* PBXTargetDependency */ = {
			isa = PBXTargetDependency;
			target = 14D200632A6B76770098F9DF /* Little Lemon dinner menu */;
			targetProxy = 14D2007B2A6B767A0098F9DF /* PBXContainerItemProxy */;
		};
		14D200862A6B767A0098F9DF /* PBXTargetDependency */ = {
			isa = PBXTargetDependency;
			target = 14D200632A6B76770098F9DF /* Little Lemon dinner menu */;
			targetProxy = 14D200852A6B767A0098F9DF /* PBXContainerItemProxy */;
		};
/* End PBXTargetDependency section */

/* Begin PBXVariantGroup section */
		14D2006D2A6B76770098F9DF /* Main.storyboard */ = {
			isa = PBXVariantGroup;
			children = (
				14D2006E2A6B76770098F9DF /* Base */,
			);
			name = Main.storyboard;
			sourceTree = "<group>";
		};
		14D200722A6B767A0098F9DF /* LaunchScreen.storyboard */ = {
			isa = PBXVariantGroup;
			children = (
				14D200732A6B767A0098F9DF /* Base */,
			);
			name = LaunchScreen.storyboard;
			sourceTree = "<group>";
		};
/* End PBXVariantGroup section */

/* Begin XCBuildConfiguration section */
		14D2008C2A6B767A0098F9DF /* Debug */ = {
			isa = XCBuildConfiguration;
			buildSettings = {
				ALWAYS_SEARCH_USER_PATHS = NO;
				CLANG_ANALYZER_NONNULL = YES;
				CLANG_ANALYZER_NUMBER_OBJECT_CONVERSION = YES_AGGRESSIVE;
				CLANG_CXX_LANGUAGE_STANDARD = "gnu++20";
				CLANG_ENABLE_MODULES = YES;
				CLANG_ENABLE_OBJC_ARC = YES;
				CLANG_ENABLE_OBJC_WEAK = YES;
				CLANG_WARN_BLOCK_CAPTURE_AUTORELEASING = YES;
				CLANG_WARN_BOOL_CONVERSION = YES;
				CLANG_WARN_COMMA = YES;
				CLANG_WARN_CONSTANT_CONVERSION = YES;
				CLANG_WARN_DEPRECATED_OBJC_IMPLEMENTATIONS = YES;
				CLANG_WARN_DIRECT_OBJC_ISA_USAGE = YES_ERROR;
				CLANG_WARN_DOCUMENTATION_COMMENTS = YES;
				CLANG_WARN_EMPTY_BODY = YES;
				CLANG_WARN_ENUM_CONVERSION = YES;
				CLANG_WARN_INFINITE_RECURSION = YES;
				CLANG_WARN_INT_CONVERSION = YES;
				CLANG_WARN_NON_LITERAL_NULL_CONVERSION = YES;
				CLANG_WARN_OBJC_IMPLICIT_RETAIN_SELF = YES;
				CLANG_WARN_OBJC_LITERAL_CONVERSION = YES;
				CLANG_WARN_OBJC_ROOT_CLASS = YES_ERROR;
				CLANG_WARN_QUOTED_INCLUDE_IN_FRAMEWORK_HEADER = YES;
				CLANG_WARN_RANGE_LOOP_ANALYSIS = YES;
				CLANG_WARN_STRICT_PROTOTYPES = YES;
				CLANG_WARN_SUSPICIOUS_MOVE = YES;
				CLANG_WARN_UNGUARDED_AVAILABILITY = YES_AGGRESSIVE;
				CLANG_WARN_UNREACHABLE_CODE = YES;
				CLANG_WARN__DUPLICATE_METHOD_MATCH = YES;
				COPY_PHASE_STRIP = NO;
				DEBUG_INFORMATION_FORMAT = dwarf;
				ENABLE_STRICT_OBJC_MSGSEND = YES;
				ENABLE_TESTABILITY = YES;
				GCC_C_LANGUAGE_STANDARD = gnu11;
				GCC_DYNAMIC_NO_PIC = NO;
				GCC_NO_COMMON_BLOCKS = YES;
				GCC_OPTIMIZATION_LEVEL = 0;
				GCC_PREPROCESSOR_DEFINITIONS = (
					"DEBUG=1",
					"$(inherited)",
				);
				GCC_WARN_64_TO_32_BIT_CONVERSION = YES;
				GCC_WARN_ABOUT_RETURN_TYPE = YES_ERROR;
				GCC_WARN_UNDECLARED_SELECTOR = YES;
				GCC_WARN_UNINITIALIZED_AUTOS = YES_AGGRESSIVE;
				GCC_WARN_UNUSED_FUNCTION = YES;
				GCC_WARN_UNUSED_VARIABLE = YES;
				IPHONEOS_DEPLOYMENT_TARGET = 16.4;
				MTL_ENABLE_DEBUG_INFO = INCLUDE_SOURCE;
				MTL_FAST_MATH = YES;
				ONLY_ACTIVE_ARCH = YES;
				SDKROOT = iphoneos;
				SWIFT_ACTIVE_COMPILATION_CONDITIONS = DEBUG;
				SWIFT_OPTIMIZATION_LEVEL = "-Onone";
			};
			name = Debug;
		};
		14D2008D2A6B767A0098F9DF /* Release */ = {
			isa = XCBuildConfiguration;
			buildSettings = {
				ALWAYS_SEARCH_USER_PATHS = NO;
				CLANG_ANALYZER_NONNULL = YES;
				CLANG_ANALYZER_NUMBER_OBJECT_CONVERSION = YES_AGGRESSIVE;
				CLANG_CXX_LANGUAGE_STANDARD = "gnu++20";
				CLANG_ENABLE_MODULES = YES;
				CLANG_ENABLE_OBJC_ARC = YES;
				CLANG_ENABLE_OBJC_WEAK = YES;
				CLANG_WARN_BLOCK_CAPTURE_AUTORELEASING = YES;
				CLANG_WARN_BOOL_CONVERSION = YES;
				CLANG_WARN_COMMA = YES;
				CLANG_WARN_CONSTANT_CONVERSION = YES;
				CLANG_WARN_DEPRECATED_OBJC_IMPLEMENTATIONS = YES;
				CLANG_WARN_DIRECT_OBJC_ISA_USAGE = YES_ERROR;
				CLANG_WARN_DOCUMENTATION_COMMENTS = YES;
				CLANG_WARN_EMPTY_BODY = YES;
				CLANG_WARN_ENUM_CONVERSION = YES;
				CLANG_WARN_INFINITE_RECURSION = YES;
				CLANG_WARN_INT_CONVERSION = YES;
				CLANG_WARN_NON_LITERAL_NULL_CONVERSION = YES;
				CLANG_WARN_OBJC_IMPLICIT_RETAIN_SELF = YES;
				CLANG_WARN_OBJC_LITERAL_CONVERSION = YES;
				CLANG_WARN_OBJC_ROOT_CLASS = YES_ERROR;
				CLANG_WARN_QUOTED_INCLUDE_IN_FRAMEWORK_HEADER = YES;
				CLANG_WARN_RANGE_LOOP_ANALYSIS = YES;
				CLANG_WARN_STRICT_PROTOTYPES = YES;
				CLANG_WARN_SUSPICIOUS_MOVE = YES;
				CLANG_WARN_UNGUARDED_AVAILABILITY = YES_AGGRESSIVE;
				CLANG_WARN_UNREACHABLE_CODE = YES;
				CLANG_WARN__DUPLICATE_METHOD_MATCH = YES;
				COPY_PHASE_STRIP = NO;
				DEBUG_INFORMATION_FORMAT = "dwarf-with-dsym";
				ENABLE_NS_ASSERTIONS = NO;
				ENABLE_STRICT_OBJC_MSGSEND = YES;
				GCC_C_LANGUAGE_STANDARD = gnu11;
				GCC_NO_COMMON_BLOCKS = YES;
				GCC_WARN_64_TO_32_BIT_CONVERSION = YES;
				GCC_WARN_ABOUT_RETURN_TYPE = YES_ERROR;
				GCC_WARN_UNDECLARED_SELECTOR = YES;
				GCC_WARN_UNINITIALIZED_AUTOS = YES_AGGRESSIVE;
				GCC_WARN_UNUSED_FUNCTION = YES;
				GCC_WARN_UNUSED_VARIABLE = YES;
				IPHONEOS_DEPLOYMENT_TARGET = 16.4;
				MTL_ENABLE_DEBUG_INFO = NO;
				MTL_FAST_MATH = YES;
				SDKROOT = iphoneos;
				SWIFT_COMPILATION_MODE = wholemodule;
				SWIFT_OPTIMIZATION_LEVEL = "-O";
				VALIDATE_PRODUCT = YES;
			};
			name = Release;
		};
		14D2008F2A6B767A0098F9DF /* Debug */ = {
			isa = XCBuildConfiguration;
			buildSettings = {
				ASSETCATALOG_COMPILER_APPICON_NAME = AppIcon;
				ASSETCATALOG_COMPILER_GLOBAL_ACCENT_COLOR_NAME = AccentColor;
				CODE_SIGN_STYLE = Automatic;
				CURRENT_PROJECT_VERSION = 1;
				DEVELOPMENT_TEAM = B6673FZFQH;
				GENERATE_INFOPLIST_FILE = YES;
				INFOPLIST_FILE = "Little Lemon dinner menu/Info.plist";
				INFOPLIST_KEY_UIApplicationSupportsIndirectInputEvents = YES;
				INFOPLIST_KEY_UILaunchStoryboardName = LaunchScreen;
				INFOPLIST_KEY_UIMainStoryboardFile = Main;
				INFOPLIST_KEY_UISupportedInterfaceOrientations_iPad = "UIInterfaceOrientationPortrait UIInterfaceOrientationPortraitUpsideDown UIInterfaceOrientationLandscapeLeft UIInterfaceOrientationLandscapeRight";
				INFOPLIST_KEY_UISupportedInterfaceOrientations_iPhone = "UIInterfaceOrientationPortrait UIInterfaceOrientationLandscapeLeft UIInterfaceOrientationLandscapeRight";
				LD_RUNPATH_SEARCH_PATHS = (
					"$(inherited)",
					"@executable_path/Frameworks",
				);
				MARKETING_VERSION = 1.0;
				PRODUCT_BUNDLE_IDENTIFIER = "com.prashan.Little-Lemon-dinner-menu.Little-Lemon-dinner-menu";
				PRODUCT_NAME = "$(TARGET_NAME)";
				SWIFT_EMIT_LOC_STRINGS = YES;
				SWIFT_VERSION = 5.0;
				TARGETED_DEVICE_FAMILY = "1,2";
			};
			name = Debug;
		};
		14D200902A6B767A0098F9DF /* Release */ = {
			isa = XCBuildConfiguration;
			buildSettings = {
				ASSETCATALOG_COMPILER_APPICON_NAME = AppIcon;
				ASSETCATALOG_COMPILER_GLOBAL_ACCENT_COLOR_NAME = AccentColor;
				CODE_SIGN_STYLE = Automatic;
				CURRENT_PROJECT_VERSION = 1;
				DEVELOPMENT_TEAM = B6673FZFQH;
				GENERATE_INFOPLIST_FILE = YES;
				INFOPLIST_FILE = "Little Lemon dinner menu/Info.plist";
				INFOPLIST_KEY_UIApplicationSupportsIndirectInputEvents = YES;
				INFOPLIST_KEY_UILaunchStoryboardName = LaunchScreen;
				INFOPLIST_KEY_UIMainStoryboardFile = Main;
				INFOPLIST_KEY_UISupportedInterfaceOrientations_iPad = "UIInterfaceOrientationPortrait UIInterfaceOrientationPortraitUpsideDown UIInterfaceOrientationLandscapeLeft UIInterfaceOrientationLandscapeRight";
				INFOPLIST_KEY_UISupportedInterfaceOrientations_iPhone = "UIInterfaceOrientationPortrait UIInterfaceOrientationLandscapeLeft UIInterfaceOrientationLandscapeRight";
				LD_RUNPATH_SEARCH_PATHS = (
					"$(inherited)",
					"@executable_path/Frameworks",
				);
				MARKETING_VERSION = 1.0;
				PRODUCT_BUNDLE_IDENTIFIER = "com.prashan.Little-Lemon-dinner-menu.Little-Lemon-dinner-menu";
				PRODUCT_NAME = "$(TARGET_NAME)";
				SWIFT_EMIT_LOC_STRINGS = YES;
				SWIFT_VERSION = 5.0;
				TARGETED_DEVICE_FAMILY = "1,2";
			};
			name = Release;
		};
		14D200922A6B767A0098F9DF /* Debug */ = {
			isa = XCBuildConfiguration;
			buildSettings = {
				ALWAYS_EMBED_SWIFT_STANDARD_LIBRARIES = YES;
				BUNDLE_LOADER = "$(TEST_HOST)";
				CODE_SIGN_STYLE = Automatic;
				CURRENT_PROJECT_VERSION = 1;
				DEVELOPMENT_TEAM = B6673FZFQH;
				GENERATE_INFOPLIST_FILE = YES;
				IPHONEOS_DEPLOYMENT_TARGET = 16.4;
				MARKETING_VERSION = 1.0;
				PRODUCT_BUNDLE_IDENTIFIER = "com.prashan.Little-Lemon-dinner-menu.Little-Lemon-dinner-menuTests";
				PRODUCT_NAME = "$(TARGET_NAME)";
				SWIFT_EMIT_LOC_STRINGS = NO;
				SWIFT_VERSION = 5.0;
				TARGETED_DEVICE_FAMILY = "1,2";
				TEST_HOST = "$(BUILT_PRODUCTS_DIR)/Little Lemon dinner menu.app/$(BUNDLE_EXECUTABLE_FOLDER_PATH)/Little Lemon dinner menu";
			};
			name = Debug;
		};
		14D200932A6B767A0098F9DF /* Release */ = {
			isa = XCBuildConfiguration;
			buildSettings = {
				ALWAYS_EMBED_SWIFT_STANDARD_LIBRARIES = YES;
				BUNDLE_LOADER = "$(TEST_HOST)";
				CODE_SIGN_STYLE = Automatic;
				CURRENT_PROJECT_VERSION = 1;
				DEVELOPMENT_TEAM = B6673FZFQH;
				GENERATE_INFOPLIST_FILE = YES;
				IPHONEOS_DEPLOYMENT_TARGET = 16.4;
				MARKETING_VERSION = 1.0;
				PRODUCT_BUNDLE_IDENTIFIER = "com.prashan.Little-Lemon-dinner-menu.Little-Lemon-dinner-menuTests";
				PRODUCT_NAME = "$(TARGET_NAME)";
				SWIFT_EMIT_LOC_STRINGS = NO;
				SWIFT_VERSION = 5.0;
				TARGETED_DEVICE_FAMILY = "1,2";
				TEST_HOST = "$(BUILT_PRODUCTS_DIR)/Little Lemon dinner menu.app/$(BUNDLE_EXECUTABLE_FOLDER_PATH)/Little Lemon dinner menu";
			};
			name = Release;
		};
		14D200952A6B767A0098F9DF /* Debug */ = {
			isa = XCBuildConfiguration;
			buildSettings = {
				ALWAYS_EMBED_SWIFT_STANDARD_LIBRARIES = YES;
				CODE_SIGN_STYLE = Automatic;
				CURRENT_PROJECT_VERSION = 1;
				DEVELOPMENT_TEAM = B6673FZFQH;
				GENERATE_INFOPLIST_FILE = YES;
				MARKETING_VERSION = 1.0;
				PRODUCT_BUNDLE_IDENTIFIER = "com.prashan.Little-Lemon-dinner-menu.Little-Lemon-dinner-menuUITests";
				PRODUCT_NAME = "$(TARGET_NAME)";
				SWIFT_EMIT_LOC_STRINGS = NO;
				SWIFT_VERSION = 5.0;
				TARGETED_DEVICE_FAMILY = "1,2";
				TEST_TARGET_NAME = "Little Lemon dinner menu";
			};
			name = Debug;
		};
		14D200962A6B767A0098F9DF /* Release */ = {
			isa = XCBuildConfiguration;
			buildSettings = {
				ALWAYS_EMBED_SWIFT_STANDARD_LIBRARIES = YES;
				CODE_SIGN_STYLE = Automatic;
				CURRENT_PROJECT_VERSION = 1;
				DEVELOPMENT_TEAM = B6673FZFQH;
				GENERATE_INFOPLIST_FILE = YES;
				MARKETING_VERSION = 1.0;
				PRODUCT_BUNDLE_IDENTIFIER = "com.prashan.Little-Lemon-dinner-menu.Little-Lemon-dinner-menuUITests";
				PRODUCT_NAME = "$(TARGET_NAME)";
				SWIFT_EMIT_LOC_STRINGS = NO;
				SWIFT_VERSION = 5.0;
				TARGETED_DEVICE_FAMILY = "1,2";
				TEST_TARGET_NAME = "Little Lemon dinner menu";
			};
			name = Release;
		};
/* End XCBuildConfiguration section */

/* Begin XCConfigurationList section */
		14D2005F2A6B76770098F9DF /* Build configuration list for PBXProject "Little Lemon dinner menu" */ = {
			isa = XCConfigurationList;
			buildConfigurations = (
				14D2008C2A6B767A0098F9DF /* Debug */,
				14D2008D2A6B767A0098F9DF /* Release */,
			);
			defaultConfigurationIsVisible = 0;
			defaultConfigurationName = Release;
		};
		14D2008E2A6B767A0098F9DF /* Build configuration list for PBXNativeTarget "Little Lemon dinner menu" */ = {
			isa = XCConfigurationList;
			buildConfigurations = (
				14D2008F2A6B767A0098F9DF /* Debug */,
				14D200902A6B767A0098F9DF /* Release */,
			);
			defaultConfigurationIsVisible = 0;
			defaultConfigurationName = Release;
		};
		14D200912A6B767A0098F9DF /* Build configuration list for PBXNativeTarget "Little Lemon dinner menuTests" */ = {
			isa = XCConfigurationList;
			buildConfigurations = (
				14D200922A6B767A0098F9DF /* Debug */,
				14D200932A6B767A0098F9DF /* Release */,
			);
			defaultConfigurationIsVisible = 0;
			defaultConfigurationName = Release;
		};
		14D200942A6B767A0098F9DF /* Build configuration list for PBXNativeTarget "Little Lemon dinner menuUITests" */ = {
			isa = XCConfigurationList;
			buildConfigurations = (
				14D200952A6B767A0098F9DF /* Debug */,
				14D200962A6B767A0098F9DF /* Release */,
			);
			defaultConfigurationIsVisible = 0;
			defaultConfigurationName = Release;
		};
/* End XCConfigurationList section */
	};
	rootObject = 14D2005C2A6B76770098F9DF /* Project object */;
}
